
Microsoft Visual Studio Solution File, Format Version 12.00
# Visual Studio Version 17
VisualStudioVersion = 17.14.36408.4 d17.14
MinimumVisualStudioVersion = 10.0.40219.1
Project("{FAE04EC0-301F-11D3-BF4B-00C04F79EFBC}") = "CISS411-GroupProject", "CISS411-GroupProject.csproj", "{BF507A28-92E1-44B2-99FE-CF99760953FD}"
EndProject
Global
	GlobalSection(SolutionConfigurationPlatforms) = preSolution
		Debug|Any CPU = Debug|Any CPU
		Release|Any CPU = Release|Any CPU
	EndGlobalSection
	GlobalSection(ProjectConfigurationPlatforms) = postSolution
		{BF507A28-92E1-44B2-99FE-CF99760953FD}.Debug|Any CPU.ActiveCfg = Debug|Any CPU
		{BF507A28-92E1-44B2-99FE-CF99760953FD}.Debug|Any CPU.Build.0 = Debug|Any CPU
		{BF507A28-92E1-44B2-99FE-CF99760953FD}.Release|Any CPU.ActiveCfg = Release|Any CPU
		{BF507A28-92E1-44B2-99FE-CF99760953FD}.Release|Any CPU.Build.0 = Release|Any CPU
	EndGlobalSection
	GlobalSection(SolutionProperties) = preSolution
		HideSolutionNode = FALSE
	EndGlobalSection
	GlobalSection(ExtensibilityGlobals) = postSolution
		SolutionGuid = {FE515CFE-DF78-41FD-B563-442BAB7EDF09}
	EndGlobalSection
EndGlobal
